# @generated by Move, please check-in and do not edit manually.

[move]
version = 1
manifest_digest = "196D6AEF6C3FFDB9DE11766F7FAB4F4378A679158E24EFC35BF5EDCDEB6F1726"
deps_digest = "F8BBB0CCB2491CA29A3DF03D6F92277A4F3574266507ACD77214D37ECA3F3082"
dependencies = [
  { name = "Sui" },
]

[[move.package]]
name = "MoveStdlib"
source = { git = "https://github.com/MystenLabs/sui.git", rev = "framework/devnet", subdir = "crates/sui-framework/packages/move-stdlib" }

[[move.package]]
name = "Sui"
source = { git = "https://github.com/MystenLabs/sui.git", rev = "framework/devnet", subdir = "crates/sui-framework/packages/sui-framework" }

dependencies = [
  { name = "MoveStdlib" },
]

[move.toolchain-version]
compiler-version = "1.28.0"
edition = "legacy"
flavor = "sui"

[env]

[env.devnet]
chain-id = "0ca470f0"
original-published-id = "0xbe18c03ee1cb88131a97ff7810120f90091f95d289f722f5de8d9ee2c7a58d36"
latest-published-id = "0xbe18c03ee1cb88131a97ff7810120f90091f95d289f722f5de8d9ee2c7a58d36"
published-version = "1"
