# @generated by Move, please check-in and do not edit manually.

[move]
version = 1
manifest_digest = "8D06790DEB800677E2EB12F0BDD02AA80133810885F2A1A292A1893413F61D67"
deps_digest = "F8BBB0CCB2491CA29A3DF03D6F92277A4F3574266507ACD77214D37ECA3F3082"
dependencies = [
  { name = "Sui" },
]

[[move.package]]
name = "MoveStdlib"
source = { git = "https://github.com/MystenLabs/sui.git", rev = "framework/devnet", subdir = "crates/sui-framework/packages/move-stdlib" }

[[move.package]]
name = "Sui"
source = { git = "https://github.com/MystenLabs/sui.git", rev = "framework/devnet", subdir = "crates/sui-framework/packages/sui-framework" }

dependencies = [
  { name = "MoveStdlib" },
]

[move.toolchain-version]
compiler-version = "1.27.1"
edition = "legacy"
flavor = "sui"

[env]

[env.devnet]
chain-id = "ddb98719"
original-published-id = "0x20c97eab2d52d552c43a475652276044aa2be6cc25f5eab98930f477bfa1c72d"
latest-published-id = "0x20c97eab2d52d552c43a475652276044aa2be6cc25f5eab98930f477bfa1c72d"
published-version = "1"
