# @generated by Move, please check-in and do not edit manually.

[move]
version = 1
manifest_digest = "7BDCFB1BFA67A9B6DE9B6FF828724CBBBFC853E6D11079005C49596CE16E843E"
deps_digest = "F8BBB0CCB2491CA29A3DF03D6F92277A4F3574266507ACD77214D37ECA3F3082"
dependencies = [
  { name = "Sui" },
]

[[move.package]]
name = "MoveStdlib"
source = { git = "https://github.com/MystenLabs/sui.git", rev = "framework/devnet", subdir = "crates/sui-framework/packages/move-stdlib" }

[[move.package]]
name = "Sui"
source = { git = "https://github.com/MystenLabs/sui.git", rev = "framework/devnet", subdir = "crates/sui-framework/packages/sui-framework" }

dependencies = [
  { name = "MoveStdlib" },
]

[move.toolchain-version]
compiler-version = "1.28.0"
edition = "legacy"
flavor = "sui"

[env]

[env.devnet]
chain-id = "b032f5b2"
original-published-id = "0xa211734354ae198b5cfba2132af65deb3f7c572b432a4236fd01f5e274119524"
latest-published-id = "0xa211734354ae198b5cfba2132af65deb3f7c572b432a4236fd01f5e274119524"
published-version = "1"
